<?xml version="1.0" encoding="utf-8"?>
<Project ToolsVersion="4.0" xmlns="http://schemas.microsoft.com/developer/msbuild/2003">
  <ItemGroup>
    <ClCompile Include="main.cpp" />
    <ClCompile Include="Shader.cpp" />
  </ItemGroup>
  <ItemGroup>
    <Filter Include="Shaders">
      <UniqueIdentifier>{e624a097-086f-452a-b008-6ffe34bebd00}</UniqueIdentifier>
    </Filter>
  </ItemGroup>
  <ItemGroup>
    <ClInclude Include="defines.h" />
    <ClInclude Include="VertexBuffer.h" />
    <ClInclude Include="Shader.h" />
    <ClInclude Include="IndexBuffer.h" />
    <ClInclude Include="Framework.h" />
    <ClInclude Include="libs\stb_image.h" />
    <ClInclude Include="fpsCamera.h" />
    <ClInclude Include="Camera.h" />
    <ClInclude Include="mesh.h" />
    <ClInclude Include="Vertex.h" />
  </ItemGroup>
  <ItemGroup>
    <None Include="Shaders\basic-fragment-shader.glsl.frag">
      <Filter>Shaders</Filter>
    </None>
    <None Include="Shaders\basic-vertex-shader.glsl.vert">
      <Filter>Shaders</Filter>
    </None>
  </ItemGroup>
  <ItemGroup>
    <Image Include="Shaders\image.png" />
    <Image Include="Shaders\index.png" />
  </ItemGroup>
</Project>